
Microsoft Visual Studio Solution File, Format Version 12.00
# Visual Studio 15
VisualStudioVersion = 15.0.26403.3
MinimumVisualStudioVersion = 10.0.40219.1
Project("{8BC9CEB8-8B4A-11D0-8D11-00A0C91BC942}") = "1", "1\1.vcxproj", "{28F08D3D-9C7E-4520-ADFD-921F85F9CB0F}"
EndProject
Project("{8BC9CEB8-8B4A-11D0-8D11-00A0C91BC942}") = "2", "2\2.vcxproj", "{7D37595D-78F5-471C-AEC2-5B8E4DD7E53F}"
EndProject
Project("{8BC9CEB8-8B4A-11D0-8D11-00A0C91BC942}") = "3", "3\3.vcxproj", "{6D179213-4F4C-4ABD-AFA5-687CD014F07E}"
EndProject
Project("{8BC9CEB8-8B4A-11D0-8D11-00A0C91BC942}") = "4", "4\4.vcxproj", "{62BE48E1-381D-4ABA-8B31-ED501A1E7006}"
EndProject
Project("{8BC9CEB8-8B4A-11D0-8D11-00A0C91BC942}") = "5", "5\5.vcxproj", "{158F7F76-F192-4CE3-A9BA-62B19DD3E322}"
EndProject
Project("{8BC9CEB8-8B4A-11D0-8D11-00A0C91BC942}") = "6", "6\6.vcxproj", "{847952D5-4443-4171-B755-848F6D25E084}"
EndProject
Project("{8BC9CEB8-8B4A-11D0-8D11-00A0C91BC942}") = "7", "7\7.vcxproj", "{84EFEE53-B991-4F0E-A9D2-19CBC7661248}"
EndProject
Global
	GlobalSection(SolutionConfigurationPlatforms) = preSolution
		Debug|x64 = Debug|x64
		Debug|x86 = Debug|x86
		Release|x64 = Release|x64
		Release|x86 = Release|x86
	EndGlobalSection
	GlobalSection(ProjectConfigurationPlatforms) = postSolution
		{28F08D3D-9C7E-4520-ADFD-921F85F9CB0F}.Debug|x64.ActiveCfg = Debug|x64
		{28F08D3D-9C7E-4520-ADFD-921F85F9CB0F}.Debug|x64.Build.0 = Debug|x64
		{28F08D3D-9C7E-4520-ADFD-921F85F9CB0F}.Debug|x86.ActiveCfg = Debug|Win32
		{28F08D3D-9C7E-4520-ADFD-921F85F9CB0F}.Debug|x86.Build.0 = Debug|Win32
		{28F08D3D-9C7E-4520-ADFD-921F85F9CB0F}.Release|x64.ActiveCfg = Release|x64
		{28F08D3D-9C7E-4520-ADFD-921F85F9CB0F}.Release|x64.Build.0 = Release|x64
		{28F08D3D-9C7E-4520-ADFD-921F85F9CB0F}.Release|x86.ActiveCfg = Release|Win32
		{28F08D3D-9C7E-4520-ADFD-921F85F9CB0F}.Release|x86.Build.0 = Release|Win32
		{7D37595D-78F5-471C-AEC2-5B8E4DD7E53F}.Debug|x64.ActiveCfg = Debug|x64
		{7D37595D-78F5-471C-AEC2-5B8E4DD7E53F}.Debug|x64.Build.0 = Debug|x64
		{7D37595D-78F5-471C-AEC2-5B8E4DD7E53F}.Debug|x86.ActiveCfg = Debug|Win32
		{7D37595D-78F5-471C-AEC2-5B8E4DD7E53F}.Debug|x86.Build.0 = Debug|Win32
		{7D37595D-78F5-471C-AEC2-5B8E4DD7E53F}.Release|x64.ActiveCfg = Release|x64
		{7D37595D-78F5-471C-AEC2-5B8E4DD7E53F}.Release|x64.Build.0 = Release|x64
		{7D37595D-78F5-471C-AEC2-5B8E4DD7E53F}.Release|x86.ActiveCfg = Release|Win32
		{7D37595D-78F5-471C-AEC2-5B8E4DD7E53F}.Release|x86.Build.0 = Release|Win32
		{6D179213-4F4C-4ABD-AFA5-687CD014F07E}.Debug|x64.ActiveCfg = Debug|x64
		{6D179213-4F4C-4ABD-AFA5-687CD014F07E}.Debug|x64.Build.0 = Debug|x64
		{6D179213-4F4C-4ABD-AFA5-687CD014F07E}.Debug|x86.ActiveCfg = Debug|Win32
		{6D179213-4F4C-4ABD-AFA5-687CD014F07E}.Debug|x86.Build.0 = Debug|Win32
		{6D179213-4F4C-4ABD-AFA5-687CD014F07E}.Release|x64.ActiveCfg = Release|x64
		{6D179213-4F4C-4ABD-AFA5-687CD014F07E}.Release|x64.Build.0 = Release|x64
		{6D179213-4F4C-4ABD-AFA5-687CD014F07E}.Release|x86.ActiveCfg = Release|Win32
		{6D179213-4F4C-4ABD-AFA5-687CD014F07E}.Release|x86.Build.0 = Release|Win32
		{62BE48E1-381D-4ABA-8B31-ED501A1E7006}.Debug|x64.ActiveCfg = Debug|x64
		{62BE48E1-381D-4ABA-8B31-ED501A1E7006}.Debug|x64.Build.0 = Debug|x64
		{62BE48E1-381D-4ABA-8B31-ED501A1E7006}.Debug|x86.ActiveCfg = Debug|Win32
		{62BE48E1-381D-4ABA-8B31-ED501A1E7006}.Debug|x86.Build.0 = Debug|Win32
		{62BE48E1-381D-4ABA-8B31-ED501A1E7006}.Release|x64.ActiveCfg = Release|x64
		{62BE48E1-381D-4ABA-8B31-ED501A1E7006}.Release|x64.Build.0 = Release|x64
		{62BE48E1-381D-4ABA-8B31-ED501A1E7006}.Release|x86.ActiveCfg = Release|Win32
		{62BE48E1-381D-4ABA-8B31-ED501A1E7006}.Release|x86.Build.0 = Release|Win32
		{158F7F76-F192-4CE3-A9BA-62B19DD3E322}.Debug|x64.ActiveCfg = Debug|x64
		{158F7F76-F192-4CE3-A9BA-62B19DD3E322}.Debug|x64.Build.0 = Debug|x64
		{158F7F76-F192-4CE3-A9BA-62B19DD3E322}.Debug|x86.ActiveCfg = Debug|Win32
		{158F7F76-F192-4CE3-A9BA-62B19DD3E322}.Debug|x86.Build.0 = Debug|Win32
		{158F7F76-F192-4CE3-A9BA-62B19DD3E322}.Release|x64.ActiveCfg = Release|x64
		{158F7F76-F192-4CE3-A9BA-62B19DD3E322}.Release|x64.Build.0 = Release|x64
		{158F7F76-F192-4CE3-A9BA-62B19DD3E322}.Release|x86.ActiveCfg = Release|Win32
		{158F7F76-F192-4CE3-A9BA-62B19DD3E322}.Release|x86.Build.0 = Release|Win32
		{847952D5-4443-4171-B755-848F6D25E084}.Debug|x64.ActiveCfg = Debug|x64
		{847952D5-4443-4171-B755-848F6D25E084}.Debug|x64.Build.0 = Debug|x64
		{847952D5-4443-4171-B755-848F6D25E084}.Debug|x86.ActiveCfg = Debug|Win32
		{847952D5-4443-4171-B755-848F6D25E084}.Debug|x86.Build.0 = Debug|Win32
		{847952D5-4443-4171-B755-848F6D25E084}.Release|x64.ActiveCfg = Release|x64
		{847952D5-4443-4171-B755-848F6D25E084}.Release|x64.Build.0 = Release|x64
		{847952D5-4443-4171-B755-848F6D25E084}.Release|x86.ActiveCfg = Release|Win32
		{847952D5-4443-4171-B755-848F6D25E084}.Release|x86.Build.0 = Release|Win32
		{84EFEE53-B991-4F0E-A9D2-19CBC7661248}.Debug|x64.ActiveCfg = Debug|x64
		{84EFEE53-B991-4F0E-A9D2-19CBC7661248}.Debug|x64.Build.0 = Debug|x64
		{84EFEE53-B991-4F0E-A9D2-19CBC7661248}.Debug|x86.ActiveCfg = Debug|Win32
		{84EFEE53-B991-4F0E-A9D2-19CBC7661248}.Debug|x86.Build.0 = Debug|Win32
		{84EFEE53-B991-4F0E-A9D2-19CBC7661248}.Release|x64.ActiveCfg = Release|x64
		{84EFEE53-B991-4F0E-A9D2-19CBC7661248}.Release|x64.Build.0 = Release|x64
		{84EFEE53-B991-4F0E-A9D2-19CBC7661248}.Release|x86.ActiveCfg = Release|Win32
		{84EFEE53-B991-4F0E-A9D2-19CBC7661248}.Release|x86.Build.0 = Release|Win32
	EndGlobalSection
	GlobalSection(SolutionProperties) = preSolution
		HideSolutionNode = FALSE
	EndGlobalSection
EndGlobal
