
Microsoft Visual Studio Solution File, Format Version 12.00
# Visual Studio 15
VisualStudioVersion = 15.0.26403.3
MinimumVisualStudioVersion = 10.0.40219.1
Project("{8BC9CEB8-8B4A-11D0-8D11-00A0C91BC942}") = "1", "1\1.vcxproj", "{63604673-99D7-4219-93A9-452E871EEFBE}"
EndProject
Project("{8BC9CEB8-8B4A-11D0-8D11-00A0C91BC942}") = "2", "2\2.vcxproj", "{CB871F78-8153-4FA4-960F-C1F1D50EC3FD}"
EndProject
Project("{8BC9CEB8-8B4A-11D0-8D11-00A0C91BC942}") = "3", "3\3.vcxproj", "{E5EEA838-F4B5-41A7-85E4-DC6DCAF7A8A4}"
EndProject
Project("{8BC9CEB8-8B4A-11D0-8D11-00A0C91BC942}") = "4", "4\4.vcxproj", "{85F447E9-A2EC-411A-ABD6-8E2B3348F5C9}"
EndProject
Project("{8BC9CEB8-8B4A-11D0-8D11-00A0C91BC942}") = "5", "5\5.vcxproj", "{0444699E-44BD-40B1-9BCB-82FDE17185E6}"
EndProject
Project("{8BC9CEB8-8B4A-11D0-8D11-00A0C91BC942}") = "6", "6\6.vcxproj", "{867D12DA-407E-47DA-A27F-547C6F78B3D7}"
EndProject
Project("{8BC9CEB8-8B4A-11D0-8D11-00A0C91BC942}") = "7", "7\7.vcxproj", "{23E24361-C8E8-4C4C-BB92-94127F4889F2}"
EndProject
Global
	GlobalSection(SolutionConfigurationPlatforms) = preSolution
		Debug|x64 = Debug|x64
		Debug|x86 = Debug|x86
		Release|x64 = Release|x64
		Release|x86 = Release|x86
	EndGlobalSection
	GlobalSection(ProjectConfigurationPlatforms) = postSolution
		{63604673-99D7-4219-93A9-452E871EEFBE}.Debug|x64.ActiveCfg = Debug|x64
		{63604673-99D7-4219-93A9-452E871EEFBE}.Debug|x64.Build.0 = Debug|x64
		{63604673-99D7-4219-93A9-452E871EEFBE}.Debug|x86.ActiveCfg = Debug|Win32
		{63604673-99D7-4219-93A9-452E871EEFBE}.Debug|x86.Build.0 = Debug|Win32
		{63604673-99D7-4219-93A9-452E871EEFBE}.Release|x64.ActiveCfg = Release|x64
		{63604673-99D7-4219-93A9-452E871EEFBE}.Release|x64.Build.0 = Release|x64
		{63604673-99D7-4219-93A9-452E871EEFBE}.Release|x86.ActiveCfg = Release|Win32
		{63604673-99D7-4219-93A9-452E871EEFBE}.Release|x86.Build.0 = Release|Win32
		{CB871F78-8153-4FA4-960F-C1F1D50EC3FD}.Debug|x64.ActiveCfg = Debug|x64
		{CB871F78-8153-4FA4-960F-C1F1D50EC3FD}.Debug|x64.Build.0 = Debug|x64
		{CB871F78-8153-4FA4-960F-C1F1D50EC3FD}.Debug|x86.ActiveCfg = Debug|Win32
		{CB871F78-8153-4FA4-960F-C1F1D50EC3FD}.Debug|x86.Build.0 = Debug|Win32
		{CB871F78-8153-4FA4-960F-C1F1D50EC3FD}.Release|x64.ActiveCfg = Release|x64
		{CB871F78-8153-4FA4-960F-C1F1D50EC3FD}.Release|x64.Build.0 = Release|x64
		{CB871F78-8153-4FA4-960F-C1F1D50EC3FD}.Release|x86.ActiveCfg = Release|Win32
		{CB871F78-8153-4FA4-960F-C1F1D50EC3FD}.Release|x86.Build.0 = Release|Win32
		{E5EEA838-F4B5-41A7-85E4-DC6DCAF7A8A4}.Debug|x64.ActiveCfg = Debug|x64
		{E5EEA838-F4B5-41A7-85E4-DC6DCAF7A8A4}.Debug|x64.Build.0 = Debug|x64
		{E5EEA838-F4B5-41A7-85E4-DC6DCAF7A8A4}.Debug|x86.ActiveCfg = Debug|Win32
		{E5EEA838-F4B5-41A7-85E4-DC6DCAF7A8A4}.Debug|x86.Build.0 = Debug|Win32
		{E5EEA838-F4B5-41A7-85E4-DC6DCAF7A8A4}.Release|x64.ActiveCfg = Release|x64
		{E5EEA838-F4B5-41A7-85E4-DC6DCAF7A8A4}.Release|x64.Build.0 = Release|x64
		{E5EEA838-F4B5-41A7-85E4-DC6DCAF7A8A4}.Release|x86.ActiveCfg = Release|Win32
		{E5EEA838-F4B5-41A7-85E4-DC6DCAF7A8A4}.Release|x86.Build.0 = Release|Win32
		{85F447E9-A2EC-411A-ABD6-8E2B3348F5C9}.Debug|x64.ActiveCfg = Debug|x64
		{85F447E9-A2EC-411A-ABD6-8E2B3348F5C9}.Debug|x64.Build.0 = Debug|x64
		{85F447E9-A2EC-411A-ABD6-8E2B3348F5C9}.Debug|x86.ActiveCfg = Debug|Win32
		{85F447E9-A2EC-411A-ABD6-8E2B3348F5C9}.Debug|x86.Build.0 = Debug|Win32
		{85F447E9-A2EC-411A-ABD6-8E2B3348F5C9}.Release|x64.ActiveCfg = Release|x64
		{85F447E9-A2EC-411A-ABD6-8E2B3348F5C9}.Release|x64.Build.0 = Release|x64
		{85F447E9-A2EC-411A-ABD6-8E2B3348F5C9}.Release|x86.ActiveCfg = Release|Win32
		{85F447E9-A2EC-411A-ABD6-8E2B3348F5C9}.Release|x86.Build.0 = Release|Win32
		{0444699E-44BD-40B1-9BCB-82FDE17185E6}.Debug|x64.ActiveCfg = Debug|x64
		{0444699E-44BD-40B1-9BCB-82FDE17185E6}.Debug|x64.Build.0 = Debug|x64
		{0444699E-44BD-40B1-9BCB-82FDE17185E6}.Debug|x86.ActiveCfg = Debug|Win32
		{0444699E-44BD-40B1-9BCB-82FDE17185E6}.Debug|x86.Build.0 = Debug|Win32
		{0444699E-44BD-40B1-9BCB-82FDE17185E6}.Release|x64.ActiveCfg = Release|x64
		{0444699E-44BD-40B1-9BCB-82FDE17185E6}.Release|x64.Build.0 = Release|x64
		{0444699E-44BD-40B1-9BCB-82FDE17185E6}.Release|x86.ActiveCfg = Release|Win32
		{0444699E-44BD-40B1-9BCB-82FDE17185E6}.Release|x86.Build.0 = Release|Win32
		{867D12DA-407E-47DA-A27F-547C6F78B3D7}.Debug|x64.ActiveCfg = Debug|x64
		{867D12DA-407E-47DA-A27F-547C6F78B3D7}.Debug|x64.Build.0 = Debug|x64
		{867D12DA-407E-47DA-A27F-547C6F78B3D7}.Debug|x86.ActiveCfg = Debug|Win32
		{867D12DA-407E-47DA-A27F-547C6F78B3D7}.Debug|x86.Build.0 = Debug|Win32
		{867D12DA-407E-47DA-A27F-547C6F78B3D7}.Release|x64.ActiveCfg = Release|x64
		{867D12DA-407E-47DA-A27F-547C6F78B3D7}.Release|x64.Build.0 = Release|x64
		{867D12DA-407E-47DA-A27F-547C6F78B3D7}.Release|x86.ActiveCfg = Release|Win32
		{867D12DA-407E-47DA-A27F-547C6F78B3D7}.Release|x86.Build.0 = Release|Win32
		{23E24361-C8E8-4C4C-BB92-94127F4889F2}.Debug|x64.ActiveCfg = Debug|x64
		{23E24361-C8E8-4C4C-BB92-94127F4889F2}.Debug|x64.Build.0 = Debug|x64
		{23E24361-C8E8-4C4C-BB92-94127F4889F2}.Debug|x86.ActiveCfg = Debug|Win32
		{23E24361-C8E8-4C4C-BB92-94127F4889F2}.Debug|x86.Build.0 = Debug|Win32
		{23E24361-C8E8-4C4C-BB92-94127F4889F2}.Release|x64.ActiveCfg = Release|x64
		{23E24361-C8E8-4C4C-BB92-94127F4889F2}.Release|x64.Build.0 = Release|x64
		{23E24361-C8E8-4C4C-BB92-94127F4889F2}.Release|x86.ActiveCfg = Release|Win32
		{23E24361-C8E8-4C4C-BB92-94127F4889F2}.Release|x86.Build.0 = Release|Win32
	EndGlobalSection
	GlobalSection(SolutionProperties) = preSolution
		HideSolutionNode = FALSE
	EndGlobalSection
EndGlobal
